
Microsoft Visual Studio Solution File, Format Version 12.00
# Visual Studio Version 17
VisualStudioVersion = 17.0.32014.148
MinimumVisualStudioVersion = 10.0.40219.1
Project("{FAE04EC0-301F-11D3-BF4B-00C04F79EFBC}") = "ModernServey", "ModernServey.csproj", "{F782F074-3423-4DBB-B116-B6712DE12404}"
EndProject
Global
	GlobalSection(SolutionConfigurationPlatforms) = preSolution
		Debug|Any CPU = Debug|Any CPU
		Release|Any CPU = Release|Any CPU
	EndGlobalSection
	GlobalSection(ProjectConfigurationPlatforms) = postSolution
		{F782F074-3423-4DBB-B116-B6712DE12404}.Debug|Any CPU.ActiveCfg = Debug|Any CPU
		{F782F074-3423-4DBB-B116-B6712DE12404}.Debug|Any CPU.Build.0 = Debug|Any CPU
		{F782F074-3423-4DBB-B116-B6712DE12404}.Release|Any CPU.ActiveCfg = Release|Any CPU
		{F782F074-3423-4DBB-B116-B6712DE12404}.Release|Any CPU.Build.0 = Release|Any CPU
	EndGlobalSection
	GlobalSection(SolutionProperties) = preSolution
		HideSolutionNode = FALSE
	EndGlobalSection
	GlobalSection(ExtensibilityGlobals) = postSolution
		SolutionGuid = {6499DFC5-8EE7-4980-B8DC-4279FAEC9F30}
	EndGlobalSection
EndGlobal
